
Microsoft Visual Studio Solution File, Format Version 12.00
# Visual Studio Version 16
VisualStudioVersion = 16.0.30114.105
MinimumVisualStudioVersion = 10.0.40219.1
Project("{2150E333-8FDC-42A3-9474-1A3956D46DE8}") = "PL", "PL", "{EC4359C3-EC8E-4E06-BEE9-EBB2B48E762E}"
EndProject
Project("{2150E333-8FDC-42A3-9474-1A3956D46DE8}") = "DAL", "DAL", "{9F256F86-32AA-4478-83D0-E8E618EB9FD3}"
EndProject
Project("{2150E333-8FDC-42A3-9474-1A3956D46DE8}") = "BLL", "BLL", "{9C4C39CA-3269-4EAE-88F1-8D19AF689826}"
EndProject
Project("{FAE04EC0-301F-11D3-BF4B-00C04F79EFBC}") = "DAL.Interfaces", "DAL.Interfaces\DAL.Interfaces.csproj", "{C45E4E62-6231-446D-AF19-36F2E40F0C39}"
EndProject
Project("{FAE04EC0-301F-11D3-BF4B-00C04F79EFBC}") = "BLL.Interfaces", "BLL.Interfaces\BLL.Interfaces.csproj", "{26B72B9A-2B9E-4799-A0EE-2C5BC0B4A740}"
EndProject
Project("{2150E333-8FDC-42A3-9474-1A3956D46DE8}") = "Common", "Common", "{C13958C9-827A-4406-8D9E-AE1E1C15AFC2}"
EndProject
Project("{FAE04EC0-301F-11D3-BF4B-00C04F79EFBC}") = "Entities", "Entities\Entities.csproj", "{6BE55339-7D97-4EF0-9713-186744041CB2}"
EndProject
Project("{FAE04EC0-301F-11D3-BF4B-00C04F79EFBC}") = "DAL.JsonDAL", "DAL.JsonDAL\DAL.JsonDAL.csproj", "{644314D6-B9C4-41F3-A720-96038C792780}"
EndProject
Global
	GlobalSection(SolutionConfigurationPlatforms) = preSolution
		Debug|Any CPU = Debug|Any CPU
		Debug|x64 = Debug|x64
		Debug|x86 = Debug|x86
		Release|Any CPU = Release|Any CPU
		Release|x64 = Release|x64
		Release|x86 = Release|x86
	EndGlobalSection
	GlobalSection(ProjectConfigurationPlatforms) = postSolution
		{C45E4E62-6231-446D-AF19-36F2E40F0C39}.Debug|Any CPU.ActiveCfg = Debug|Any CPU
		{C45E4E62-6231-446D-AF19-36F2E40F0C39}.Debug|Any CPU.Build.0 = Debug|Any CPU
		{C45E4E62-6231-446D-AF19-36F2E40F0C39}.Debug|x64.ActiveCfg = Debug|Any CPU
		{C45E4E62-6231-446D-AF19-36F2E40F0C39}.Debug|x64.Build.0 = Debug|Any CPU
		{C45E4E62-6231-446D-AF19-36F2E40F0C39}.Debug|x86.ActiveCfg = Debug|Any CPU
		{C45E4E62-6231-446D-AF19-36F2E40F0C39}.Debug|x86.Build.0 = Debug|Any CPU
		{C45E4E62-6231-446D-AF19-36F2E40F0C39}.Release|Any CPU.ActiveCfg = Release|Any CPU
		{C45E4E62-6231-446D-AF19-36F2E40F0C39}.Release|Any CPU.Build.0 = Release|Any CPU
		{C45E4E62-6231-446D-AF19-36F2E40F0C39}.Release|x64.ActiveCfg = Release|Any CPU
		{C45E4E62-6231-446D-AF19-36F2E40F0C39}.Release|x64.Build.0 = Release|Any CPU
		{C45E4E62-6231-446D-AF19-36F2E40F0C39}.Release|x86.ActiveCfg = Release|Any CPU
		{C45E4E62-6231-446D-AF19-36F2E40F0C39}.Release|x86.Build.0 = Release|Any CPU
		{26B72B9A-2B9E-4799-A0EE-2C5BC0B4A740}.Debug|Any CPU.ActiveCfg = Debug|Any CPU
		{26B72B9A-2B9E-4799-A0EE-2C5BC0B4A740}.Debug|Any CPU.Build.0 = Debug|Any CPU
		{26B72B9A-2B9E-4799-A0EE-2C5BC0B4A740}.Debug|x64.ActiveCfg = Debug|Any CPU
		{26B72B9A-2B9E-4799-A0EE-2C5BC0B4A740}.Debug|x64.Build.0 = Debug|Any CPU
		{26B72B9A-2B9E-4799-A0EE-2C5BC0B4A740}.Debug|x86.ActiveCfg = Debug|Any CPU
		{26B72B9A-2B9E-4799-A0EE-2C5BC0B4A740}.Debug|x86.Build.0 = Debug|Any CPU
		{26B72B9A-2B9E-4799-A0EE-2C5BC0B4A740}.Release|Any CPU.ActiveCfg = Release|Any CPU
		{26B72B9A-2B9E-4799-A0EE-2C5BC0B4A740}.Release|Any CPU.Build.0 = Release|Any CPU
		{26B72B9A-2B9E-4799-A0EE-2C5BC0B4A740}.Release|x64.ActiveCfg = Release|Any CPU
		{26B72B9A-2B9E-4799-A0EE-2C5BC0B4A740}.Release|x64.Build.0 = Release|Any CPU
		{26B72B9A-2B9E-4799-A0EE-2C5BC0B4A740}.Release|x86.ActiveCfg = Release|Any CPU
		{26B72B9A-2B9E-4799-A0EE-2C5BC0B4A740}.Release|x86.Build.0 = Release|Any CPU
		{6BE55339-7D97-4EF0-9713-186744041CB2}.Debug|Any CPU.ActiveCfg = Debug|Any CPU
		{6BE55339-7D97-4EF0-9713-186744041CB2}.Debug|Any CPU.Build.0 = Debug|Any CPU
		{6BE55339-7D97-4EF0-9713-186744041CB2}.Debug|x64.ActiveCfg = Debug|Any CPU
		{6BE55339-7D97-4EF0-9713-186744041CB2}.Debug|x64.Build.0 = Debug|Any CPU
		{6BE55339-7D97-4EF0-9713-186744041CB2}.Debug|x86.ActiveCfg = Debug|Any CPU
		{6BE55339-7D97-4EF0-9713-186744041CB2}.Debug|x86.Build.0 = Debug|Any CPU
		{6BE55339-7D97-4EF0-9713-186744041CB2}.Release|Any CPU.ActiveCfg = Release|Any CPU
		{6BE55339-7D97-4EF0-9713-186744041CB2}.Release|Any CPU.Build.0 = Release|Any CPU
		{6BE55339-7D97-4EF0-9713-186744041CB2}.Release|x64.ActiveCfg = Release|Any CPU
		{6BE55339-7D97-4EF0-9713-186744041CB2}.Release|x64.Build.0 = Release|Any CPU
		{6BE55339-7D97-4EF0-9713-186744041CB2}.Release|x86.ActiveCfg = Release|Any CPU
		{6BE55339-7D97-4EF0-9713-186744041CB2}.Release|x86.Build.0 = Release|Any CPU
		{644314D6-B9C4-41F3-A720-96038C792780}.Debug|Any CPU.ActiveCfg = Debug|Any CPU
		{644314D6-B9C4-41F3-A720-96038C792780}.Debug|Any CPU.Build.0 = Debug|Any CPU
		{644314D6-B9C4-41F3-A720-96038C792780}.Debug|x64.ActiveCfg = Debug|Any CPU
		{644314D6-B9C4-41F3-A720-96038C792780}.Debug|x64.Build.0 = Debug|Any CPU
		{644314D6-B9C4-41F3-A720-96038C792780}.Debug|x86.ActiveCfg = Debug|Any CPU
		{644314D6-B9C4-41F3-A720-96038C792780}.Debug|x86.Build.0 = Debug|Any CPU
		{644314D6-B9C4-41F3-A720-96038C792780}.Release|Any CPU.ActiveCfg = Release|Any CPU
		{644314D6-B9C4-41F3-A720-96038C792780}.Release|Any CPU.Build.0 = Release|Any CPU
		{644314D6-B9C4-41F3-A720-96038C792780}.Release|x64.ActiveCfg = Release|Any CPU
		{644314D6-B9C4-41F3-A720-96038C792780}.Release|x64.Build.0 = Release|Any CPU
		{644314D6-B9C4-41F3-A720-96038C792780}.Release|x86.ActiveCfg = Release|Any CPU
		{644314D6-B9C4-41F3-A720-96038C792780}.Release|x86.Build.0 = Release|Any CPU
	EndGlobalSection
	GlobalSection(SolutionProperties) = preSolution
		HideSolutionNode = FALSE
	EndGlobalSection
	GlobalSection(NestedProjects) = preSolution
		{C45E4E62-6231-446D-AF19-36F2E40F0C39} = {9F256F86-32AA-4478-83D0-E8E618EB9FD3}
		{26B72B9A-2B9E-4799-A0EE-2C5BC0B4A740} = {9C4C39CA-3269-4EAE-88F1-8D19AF689826}
		{6BE55339-7D97-4EF0-9713-186744041CB2} = {C13958C9-827A-4406-8D9E-AE1E1C15AFC2}
		{644314D6-B9C4-41F3-A720-96038C792780} = {9F256F86-32AA-4478-83D0-E8E618EB9FD3}
	EndGlobalSection
	GlobalSection(ExtensibilityGlobals) = postSolution
		SolutionGuid = {14F1081F-E10E-4A82-A9C4-3774A9E278CF}
	EndGlobalSection
EndGlobal
